
Microsoft Visual Studio Solution File, Format Version 12.00
# Visual Studio 15
VisualStudioVersion = 15.0.27428.2011
MinimumVisualStudioVersion = 10.0.40219.1
Project("{E24C65DC-7377-472B-9ABA-BC803B73C61A}") = "WebForms_Example", "WebForms_Example\", "{F9A443E8-A8AD-4147-A8B8-3D4338BB7BDB}"
	ProjectSection(WebsiteProperties) = preProject
		TargetFrameworkMoniker = ".NETFramework,Version%3Dv4.6.1"
		Debug.AspNetCompiler.VirtualPath = "/localhost_59891"
		Debug.AspNetCompiler.PhysicalPath = "WebForms_Example\"
		Debug.AspNetCompiler.TargetPath = "PrecompiledWeb\localhost_59891\"
		Debug.AspNetCompiler.Updateable = "true"
		Debug.AspNetCompiler.ForceOverwrite = "true"
		Debug.AspNetCompiler.FixedNames = "false"
		Debug.AspNetCompiler.Debug = "True"
		Release.AspNetCompiler.VirtualPath = "/localhost_59891"
		Release.AspNetCompiler.PhysicalPath = "WebForms_Example\"
		Release.AspNetCompiler.TargetPath = "PrecompiledWeb\localhost_59891\"
		Release.AspNetCompiler.Updateable = "true"
		Release.AspNetCompiler.ForceOverwrite = "true"
		Release.AspNetCompiler.FixedNames = "false"
		Release.AspNetCompiler.Debug = "False"
		VWDPort = "59891"
		SlnRelativePath = "WebForms_Example\"
		DefaultWebSiteLanguage = "Visual C#"
	EndProjectSection
EndProject
Global
	GlobalSection(SolutionConfigurationPlatforms) = preSolution
		Debug|Any CPU = Debug|Any CPU
	EndGlobalSection
	GlobalSection(ProjectConfigurationPlatforms) = postSolution
		{F9A443E8-A8AD-4147-A8B8-3D4338BB7BDB}.Debug|Any CPU.ActiveCfg = Debug|Any CPU
		{F9A443E8-A8AD-4147-A8B8-3D4338BB7BDB}.Debug|Any CPU.Build.0 = Debug|Any CPU
	EndGlobalSection
	GlobalSection(SolutionProperties) = preSolution
		HideSolutionNode = FALSE
	EndGlobalSection
	GlobalSection(ExtensibilityGlobals) = postSolution
		SolutionGuid = {99A93EC3-1573-4DB4-B24D-1F3FC0C1EAB9}
	EndGlobalSection
EndGlobal
